// !$*UTF8*$!
{
	archiveVersion = 1;
	classes = {
	};
	objectVersion = 50;
	objects = {

/* Begin PBXBuildFile section */
		319F4AD1249E59DE00FE0C3D /* AppDelegate.swift in Sources */ = {isa = PBXBuildFile; fileRef = 319F4AD0249E59DE00FE0C3D /* AppDelegate.swift */; };
		319F4AD5249E59DE00FE0C3D /* ViewController.swift in Sources */ = {isa = PBXBuildFile; fileRef = 319F4AD4249E59DE00FE0C3D /* ViewController.swift */; };
		319F4AD8249E59DE00FE0C3D /* Main.storyboard in Resources */ = {isa = PBXBuildFile; fileRef = 319F4AD6249E59DE00FE0C3D /* Main.storyboard */; };
		319F4ADA249E59E100FE0C3D /* Assets.xcassets in Resources */ = {isa = PBXBuildFile; fileRef = 319F4AD9249E59E100FE0C3D /* Assets.xcassets */; };
		319F4ADD249E59E100FE0C3D /* LaunchScreen.storyboard in Resources */ = {isa = PBXBuildFile; fileRef = 319F4ADB249E59E100FE0C3D /* LaunchScreen.storyboard */; };
		319F4AE5249E616800FE0C3D /* Extensions.swift in Sources */ = {isa = PBXBuildFile; fileRef = 319F4AE4249E616800FE0C3D /* Extensions.swift */; };
		319F4AE7249E91A700FE0C3D /* FormViewController.swift in Sources */ = {isa = PBXBuildFile; fileRef = 319F4AE6249E91A700FE0C3D /* FormViewController.swift */; };
/* End PBXBuildFile section */

/* Begin PBXFileReference section */
		319F4ACD249E59DE00FE0C3D /* ABC Recorder.app */ = {isa = PBXFileReference; explicitFileType = wrapper.application; includeInIndex = 0; path = "ABC Recorder.app"; sourceTree = BUILT_PRODUCTS_DIR; };
		319F4AD0249E59DE00FE0C3D /* AppDelegate.swift */ = {isa = PBXFileReference; lastKnownFileType = sourcecode.swift; path = AppDelegate.swift; sourceTree = "<group>"; };
		319F4AD4249E59DE00FE0C3D /* ViewController.swift */ = {isa = PBXFileReference; lastKnownFileType = sourcecode.swift; path = ViewController.swift; sourceTree = "<group>"; };
		319F4AD7249E59DE00FE0C3D /* Base */ = {isa = PBXFileReference; lastKnownFileType = file.storyboard; name = Base; path = Base.lproj/Main.storyboard; sourceTree = "<group>"; };
		319F4AD9249E59E100FE0C3D /* Assets.xcassets */ = {isa = PBXFileReference; lastKnownFileType = folder.assetcatalog; path = Assets.xcassets; sourceTree = "<group>"; };
		319F4ADC249E59E100FE0C3D /* Base */ = {isa = PBXFileReference; lastKnownFileType = file.storyboard; name = Base; path = Base.lproj/LaunchScreen.storyboard; sourceTree = "<group>"; };
		319F4ADE249E59E100FE0C3D /* Info.plist */ = {isa = PBXFileReference; lastKnownFileType = text.plist.xml; path = Info.plist; sourceTree = "<group>"; };
		319F4AE4249E616800FE0C3D /* Extensions.swift */ = {isa = PBXFileReference; lastKnownFileType = sourcecode.swift; path = Extensions.swift; sourceTree = "<group>"; };
		319F4AE6249E91A700FE0C3D /* FormViewController.swift */ = {isa = PBXFileReference; lastKnownFileType = sourcecode.swift; path = FormViewController.swift; sourceTree = "<group>"; };
/* End PBXFileReference section */

/* Begin PBXFrameworksBuildPhase section */
		319F4ACA249E59DE00FE0C3D /* Frameworks */ = {
			isa = PBXFrameworksBuildPhase;
			buildActionMask = 2147483647;
			files = (
			);
			runOnlyForDeploymentPostprocessing = 0;
		};
/* End PBXFrameworksBuildPhase section */

/* Begin PBXGroup section */
		319F4AC4249E59DE00FE0C3D = {
			isa = PBXGroup;
			children = (
				319F4ACF249E59DE00FE0C3D /* ABC Recorder */,
				319F4ACE249E59DE00FE0C3D /* Products */,
			);
			sourceTree = "<group>";
		};
		319F4ACE249E59DE00FE0C3D /* Products */ = {
			isa = PBXGroup;
			children = (
				319F4ACD249E59DE00FE0C3D /* ABC Recorder.app */,
			);
			name = Products;
			sourceTree = "<group>";
		};
		319F4ACF249E59DE00FE0C3D /* ABC Recorder */ = {
			isa = PBXGroup;
			children = (
				319F4AD0249E59DE00FE0C3D /* AppDelegate.swift */,
				319F4AE6249E91A700FE0C3D /* FormViewController.swift */,
				319F4AD4249E59DE00FE0C3D /* ViewController.swift */,
				319F4AD6249E59DE00FE0C3D /* Main.storyboard */,
				319F4AD9249E59E100FE0C3D /* Assets.xcassets */,
				319F4ADB249E59E100FE0C3D /* LaunchScreen.storyboard */,
				319F4ADE249E59E100FE0C3D /* Info.plist */,
				319F4AE4249E616800FE0C3D /* Extensions.swift */,
			);
			path = "ABC Recorder";
			sourceTree = "<group>";
		};
/* End PBXGroup section */

/* Begin PBXNativeTarget section */
		319F4ACC249E59DE00FE0C3D /* ABC Recorder */ = {
			isa = PBXNativeTarget;
			buildConfigurationList = 319F4AE1249E59E100FE0C3D /* Build configuration list for PBXNativeTarget "ABC Recorder" */;
			buildPhases = (
				319F4AC9249E59DE00FE0C3D /* Sources */,
				319F4ACA249E59DE00FE0C3D /* Frameworks */,
				319F4ACB249E59DE00FE0C3D /* Resources */,
			);
			buildRules = (
			);
			dependencies = (
			);
			name = "ABC Recorder";
			productName = "ABC Recorder";
			productReference = 319F4ACD249E59DE00FE0C3D /* ABC Recorder.app */;
			productType = "com.apple.product-type.application";
		};
/* End PBXNativeTarget section */

/* Begin PBXProject section */
		319F4AC5249E59DE00FE0C3D /* Project object */ = {
			isa = PBXProject;
			attributes = {
				LastSwiftUpdateCheck = 1150;
				LastUpgradeCheck = 1150;
				ORGANIZATIONNAME = "Treefrog Inc";
				TargetAttributes = {
					319F4ACC249E59DE00FE0C3D = {
						CreatedOnToolsVersion = 11.5;
					};
				};
			};
			buildConfigurationList = 319F4AC8249E59DE00FE0C3D /* Build configuration list for PBXProject "ABC Recorder" */;
			compatibilityVersion = "Xcode 9.3";
			developmentRegion = en;
			hasScannedForEncodings = 0;
			knownRegions = (
				en,
				Base,
			);
			mainGroup = 319F4AC4249E59DE00FE0C3D;
			productRefGroup = 319F4ACE249E59DE00FE0C3D /* Products */;
			projectDirPath = "";
			projectRoot = "";
			targets = (
				319F4ACC249E59DE00FE0C3D /* ABC Recorder */,
			);
		};
/* End PBXProject section */

/* Begin PBXResourcesBuildPhase section */
		319F4ACB249E59DE00FE0C3D /* Resources */ = {
			isa = PBXResourcesBuildPhase;
			buildActionMask = 2147483647;
			files = (
				319F4ADD249E59E100FE0C3D /* LaunchScreen.storyboard in Resources */,
				319F4ADA249E59E100FE0C3D /* Assets.xcassets in Resources */,
				319F4AD8249E59DE00FE0C3D /* Main.storyboard in Resources */,
			);
			runOnlyForDeploymentPostprocessing = 0;
		};
/* End PBXResourcesBuildPhase section */

/* Begin PBXSourcesBuildPhase section */
		319F4AC9249E59DE00FE0C3D /* Sources */ = {
			isa = PBXSourcesBuildPhase;
			buildActionMask = 2147483647;
			files = (
				319F4AD5249E59DE00FE0C3D /* ViewController.swift in Sources */,
				319F4AE5249E616800FE0C3D /* Extensions.swift in Sources */,
				319F4AE7249E91A700FE0C3D /* FormViewController.swift in Sources */,
				319F4AD1249E59DE00FE0C3D /* AppDelegate.swift in Sources */,
			);
			runOnlyForDeploymentPostprocessing = 0;
		};
/* End PBXSourcesBuildPhase section */

/* Begin PBXVariantGroup section */
		319F4AD6249E59DE00FE0C3D /* Main.storyboard */ = {
			isa = PBXVariantGroup;
			children = (
				319F4AD7249E59DE00FE0C3D /* Base */,
			);
			name = Main.storyboard;
			sourceTree = "<group>";
		};
		319F4ADB249E59E100FE0C3D /* LaunchScreen.storyboard */ = {
			isa = PBXVariantGroup;
			children = (
				319F4ADC249E59E100FE0C3D /* Base */,
			);
			name = LaunchScreen.storyboard;
			sourceTree = "<group>";
		};
/* End PBXVariantGroup section */

/* Begin XCBuildConfiguration section */
		319F4ADF249E59E100FE0C3D /* Debug */ = {
			isa = XCBuildConfiguration;
			buildSettings = {
				ALWAYS_SEARCH_USER_PATHS = NO;
				CLANG_ANALYZER_NONNULL = YES;
				CLANG_ANALYZER_NUMBER_OBJECT_CONVERSION = YES_AGGRESSIVE;
				CLANG_CXX_LANGUAGE_STANDARD = "gnu++14";
				CLANG_CXX_LIBRARY = "libc++";
				CLANG_ENABLE_MODULES = YES;
				CLANG_ENABLE_OBJC_ARC = YES;
				CLANG_ENABLE_OBJC_WEAK = YES;
				CLANG_WARN_BLOCK_CAPTURE_AUTORELEASING = YES;
				CLANG_WARN_BOOL_CONVERSION = YES;
				CLANG_WARN_COMMA = YES;
				CLANG_WARN_CONSTANT_CONVERSION = YES;
				CLANG_WARN_DEPRECATED_OBJC_IMPLEMENTATIONS = YES;
				CLANG_WARN_DIRECT_OBJC_ISA_USAGE = YES_ERROR;
				CLANG_WARN_DOCUMENTATION_COMMENTS = YES;
				CLANG_WARN_EMPTY_BODY = YES;
				CLANG_WARN_ENUM_CONVERSION = YES;
				CLANG_WARN_INFINITE_RECURSION = YES;
				CLANG_WARN_INT_CONVERSION = YES;
				CLANG_WARN_NON_LITERAL_NULL_CONVERSION = YES;
				CLANG_WARN_OBJC_IMPLICIT_RETAIN_SELF = YES;
				CLANG_WARN_OBJC_LITERAL_CONVERSION = YES;
				CLANG_WARN_OBJC_ROOT_CLASS = YES_ERROR;
				CLANG_WARN_RANGE_LOOP_ANALYSIS = YES;
				CLANG_WARN_STRICT_PROTOTYPES = YES;
				CLANG_WARN_SUSPICIOUS_MOVE = YES;
				CLANG_WARN_UNGUARDED_AVAILABILITY = YES_AGGRESSIVE;
				CLANG_WARN_UNREACHABLE_CODE = YES;
				CLANG_WARN__DUPLICATE_METHOD_MATCH = YES;
				COPY_PHASE_STRIP = NO;
				DEBUG_INFORMATION_FORMAT = dwarf;
				ENABLE_STRICT_OBJC_MSGSEND = YES;
				ENABLE_TESTABILITY = YES;
				GCC_C_LANGUAGE_STANDARD = gnu11;
				GCC_DYNAMIC_NO_PIC = NO;
				GCC_NO_COMMON_BLOCKS = YES;
				GCC_OPTIMIZATION_LEVEL = 0;
				GCC_PREPROCESSOR_DEFINITIONS = (
					"DEBUG=1",
					"$(inherited)",
				);
				GCC_WARN_64_TO_32_BIT_CONVERSION = YES;
				GCC_WARN_ABOUT_RETURN_TYPE = YES_ERROR;
				GCC_WARN_UNDECLARED_SELECTOR = YES;
				GCC_WARN_UNINITIALIZED_AUTOS = YES_AGGRESSIVE;
				GCC_WARN_UNUSED_FUNCTION = YES;
				GCC_WARN_UNUSED_VARIABLE = YES;
				IPHONEOS_DEPLOYMENT_TARGET = 10.0;
				MTL_ENABLE_DEBUG_INFO = INCLUDE_SOURCE;
				MTL_FAST_MATH = YES;
				ONLY_ACTIVE_ARCH = YES;
				SDKROOT = iphoneos;
				SWIFT_ACTIVE_COMPILATION_CONDITIONS = DEBUG;
				SWIFT_OPTIMIZATION_LEVEL = "-Onone";
			};
			name = Debug;
		};
		319F4AE0249E59E100FE0C3D /* Release */ = {
			isa = XCBuildConfiguration;
			buildSettings = {
				ALWAYS_SEARCH_USER_PATHS = NO;
				CLANG_ANALYZER_NONNULL = YES;
				CLANG_ANALYZER_NUMBER_OBJECT_CONVERSION = YES_AGGRESSIVE;
				CLANG_CXX_LANGUAGE_STANDARD = "gnu++14";
				CLANG_CXX_LIBRARY = "libc++";
				CLANG_ENABLE_MODULES = YES;
				CLANG_ENABLE_OBJC_ARC = YES;
				CLANG_ENABLE_OBJC_WEAK = YES;
				CLANG_WARN_BLOCK_CAPTURE_AUTORELEASING = YES;
				CLANG_WARN_BOOL_CONVERSION = YES;
				CLANG_WARN_COMMA = YES;
				CLANG_WARN_CONSTANT_CONVERSION = YES;
				CLANG_WARN_DEPRECATED_OBJC_IMPLEMENTATIONS = YES;
				CLANG_WARN_DIRECT_OBJC_ISA_USAGE = YES_ERROR;
				CLANG_WARN_DOCUMENTATION_COMMENTS = YES;
				CLANG_WARN_EMPTY_BODY = YES;
				CLANG_WARN_ENUM_CONVERSION = YES;
				CLANG_WARN_INFINITE_RECURSION = YES;
				CLANG_WARN_INT_CONVERSION = YES;
				CLANG_WARN_NON_LITERAL_NULL_CONVERSION = YES;
				CLANG_WARN_OBJC_IMPLICIT_RETAIN_SELF = YES;
				CLANG_WARN_OBJC_LITERAL_CONVERSION = YES;
				CLANG_WARN_OBJC_ROOT_CLASS = YES_ERROR;
				CLANG_WARN_RANGE_LOOP_ANALYSIS = YES;
				CLANG_WARN_STRICT_PROTOTYPES = YES;
				CLANG_WARN_SUSPICIOUS_MOVE = YES;
				CLANG_WARN_UNGUARDED_AVAILABILITY = YES_AGGRESSIVE;
				CLANG_WARN_UNREACHABLE_CODE = YES;
				CLANG_WARN__DUPLICATE_METHOD_MATCH = YES;
				COPY_PHASE_STRIP = NO;
				DEBUG_INFORMATION_FORMAT = "dwarf-with-dsym";
				ENABLE_NS_ASSERTIONS = NO;
				ENABLE_STRICT_OBJC_MSGSEND = YES;
				GCC_C_LANGUAGE_STANDARD = gnu11;
				GCC_NO_COMMON_BLOCKS = YES;
				GCC_WARN_64_TO_32_BIT_CONVERSION = YES;
				GCC_WARN_ABOUT_RETURN_TYPE = YES_ERROR;
				GCC_WARN_UNDECLARED_SELECTOR = YES;
				GCC_WARN_UNINITIALIZED_AUTOS = YES_AGGRESSIVE;
				GCC_WARN_UNUSED_FUNCTION = YES;
				GCC_WARN_UNUSED_VARIABLE = YES;
				IPHONEOS_DEPLOYMENT_TARGET = 10.0;
				MTL_ENABLE_DEBUG_INFO = NO;
				MTL_FAST_MATH = YES;
				SDKROOT = iphoneos;
				SWIFT_COMPILATION_MODE = wholemodule;
				SWIFT_OPTIMIZATION_LEVEL = "-O";
				VALIDATE_PRODUCT = YES;
			};
			name = Release;
		};
		319F4AE2249E59E100FE0C3D /* Debug */ = {
			isa = XCBuildConfiguration;
			buildSettings = {
				ASSETCATALOG_COMPILER_APPICON_NAME = AppIcon;
				CODE_SIGN_STYLE = Automatic;
				DEVELOPMENT_TEAM = L2NAZNC754;
				INFOPLIST_FILE = "ABC Recorder/Info.plist";
				IPHONEOS_DEPLOYMENT_TARGET = 10.0;
				LD_RUNPATH_SEARCH_PATHS = (
					"$(inherited)",
					"@executable_path/Frameworks",
				);
				PRODUCT_BUNDLE_IDENTIFIER = "ca.treefrog.ABC-Recorder";
				PRODUCT_NAME = "$(TARGET_NAME)";
				SWIFT_VERSION = 5.0;
				TARGETED_DEVICE_FAMILY = "1,2";
			};
			name = Debug;
		};
		319F4AE3249E59E100FE0C3D /* Release */ = {
			isa = XCBuildConfiguration;
			buildSettings = {
				ASSETCATALOG_COMPILER_APPICON_NAME = AppIcon;
				CODE_SIGN_STYLE = Automatic;
				DEVELOPMENT_TEAM = L2NAZNC754;
				INFOPLIST_FILE = "ABC Recorder/Info.plist";
				IPHONEOS_DEPLOYMENT_TARGET = 10.0;
				LD_RUNPATH_SEARCH_PATHS = (
					"$(inherited)",
					"@executable_path/Frameworks",
				);
				PRODUCT_BUNDLE_IDENTIFIER = "ca.treefrog.ABC-Recorder";
				PRODUCT_NAME = "$(TARGET_NAME)";
				SWIFT_VERSION = 5.0;
				TARGETED_DEVICE_FAMILY = "1,2";
			};
			name = Release;
		};
/* End XCBuildConfiguration section */

/* Begin XCConfigurationList section */
		319F4AC8249E59DE00FE0C3D /* Build configuration list for PBXProject "ABC Recorder" */ = {
			isa = XCConfigurationList;
			buildConfigurations = (
				319F4ADF249E59E100FE0C3D /* Debug */,
				319F4AE0249E59E100FE0C3D /* Release */,
			);
			defaultConfigurationIsVisible = 0;
			defaultConfigurationName = Release;
		};
		319F4AE1249E59E100FE0C3D /* Build configuration list for PBXNativeTarget "ABC Recorder" */ = {
			isa = XCConfigurationList;
			buildConfigurations = (
				319F4AE2249E59E100FE0C3D /* Debug */,
				319F4AE3249E59E100FE0C3D /* Release */,
			);
			defaultConfigurationIsVisible = 0;
			defaultConfigurationName = Release;
		};
/* End XCConfigurationList section */
	};
	rootObject = 319F4AC5249E59DE00FE0C3D /* Project object */;
}
